
Microsoft Visual Studio Solution File, Format Version 12.00
# Visual Studio Version 16
VisualStudioVersion = 16.0.32106.194
MinimumVisualStudioVersion = 10.0.40219.1
Project("{FAE04EC0-301F-11D3-BF4B-00C04F79EFBC}") = "RgWebScraper", "RgWebScraper\RgWebScraper.csproj", "{CE9DD55B-6110-4DB6-B4DE-12E05B302E3F}"
EndProject
Global
	GlobalSection(SolutionConfigurationPlatforms) = preSolution
		Debug|Any CPU = Debug|Any CPU
		Release|Any CPU = Release|Any CPU
	EndGlobalSection
	GlobalSection(ProjectConfigurationPlatforms) = postSolution
		{CE9DD55B-6110-4DB6-B4DE-12E05B302E3F}.Debug|Any CPU.ActiveCfg = Debug|Any CPU
		{CE9DD55B-6110-4DB6-B4DE-12E05B302E3F}.Debug|Any CPU.Build.0 = Debug|Any CPU
		{CE9DD55B-6110-4DB6-B4DE-12E05B302E3F}.Release|Any CPU.ActiveCfg = Release|Any CPU
		{CE9DD55B-6110-4DB6-B4DE-12E05B302E3F}.Release|Any CPU.Build.0 = Release|Any CPU
	EndGlobalSection
	GlobalSection(SolutionProperties) = preSolution
		HideSolutionNode = FALSE
	EndGlobalSection
	GlobalSection(ExtensibilityGlobals) = postSolution
		SolutionGuid = {E49C2131-8D1D-469A-9A20-DB44A1A87621}
	EndGlobalSection
EndGlobal
